// !$*UTF8*$!
{
	archiveVersion = 1;
	classes = {
	};
	objectVersion = 51;
	objects = {

/* Begin PBXBuildFile section */
		2DFAF73424B1E21BC99857A8 /* Pods_AnonChats_AnonChatsUITests.framework in Frameworks */ = {isa = PBXBuildFile; fileRef = 594D4834D32E2FD73165ECDE /* Pods_AnonChats_AnonChatsUITests.framework */; };
		830E57AC255719FA00A230F3 /* AppDelegate.swift in Sources */ = {isa = PBXBuildFile; fileRef = 830E57AB255719FA00A230F3 /* AppDelegate.swift */; };
		830E57AE255719FA00A230F3 /* SceneDelegate.swift in Sources */ = {isa = PBXBuildFile; fileRef = 830E57AD255719FA00A230F3 /* SceneDelegate.swift */; };
		830E57B3255719FA00A230F3 /* Main.storyboard in Resources */ = {isa = PBXBuildFile; fileRef = 830E57B1255719FA00A230F3 /* Main.storyboard */; };
		830E57B5255719FE00A230F3 /* Assets.xcassets in Resources */ = {isa = PBXBuildFile; fileRef = 830E57B4255719FE00A230F3 /* Assets.xcassets */; };
		830E57B8255719FE00A230F3 /* LaunchScreen.storyboard in Resources */ = {isa = PBXBuildFile; fileRef = 830E57B6255719FE00A230F3 /* LaunchScreen.storyboard */; };
		830E57C3255719FF00A230F3 /* AnonChatsTests.swift in Sources */ = {isa = PBXBuildFile; fileRef = 830E57C2255719FF00A230F3 /* AnonChatsTests.swift */; };
		830E57CE255719FF00A230F3 /* AnonChatsUITests.swift in Sources */ = {isa = PBXBuildFile; fileRef = 830E57CD255719FF00A230F3 /* AnonChatsUITests.swift */; };
		830E57F125571F6000A230F3 /* LoginViewController.swift in Sources */ = {isa = PBXBuildFile; fileRef = 830E57F025571F6000A230F3 /* LoginViewController.swift */; };
		99C583D02D88F8059E4ED481 /* Pods_AnonChats.framework in Frameworks */ = {isa = PBXBuildFile; fileRef = 903ABB8A52540B3DD1E5BF90 /* Pods_AnonChats.framework */; };
		AE681E7CCB42C36285163D53 /* Pods_AnonChatsTests.framework in Frameworks */ = {isa = PBXBuildFile; fileRef = 1A1C81539DB7FCDAB6654C1D /* Pods_AnonChatsTests.framework */; };
/* End PBXBuildFile section */

/* Begin PBXContainerItemProxy section */
		830E57BF255719FF00A230F3 /* PBXContainerItemProxy */ = {
			isa = PBXContainerItemProxy;
			containerPortal = 830E57A0255719FA00A230F3 /* Project object */;
			proxyType = 1;
			remoteGlobalIDString = 830E57A7255719FA00A230F3;
			remoteInfo = AnonChats;
		};
		830E57CA255719FF00A230F3 /* PBXContainerItemProxy */ = {
			isa = PBXContainerItemProxy;
			containerPortal = 830E57A0255719FA00A230F3 /* Project object */;
			proxyType = 1;
			remoteGlobalIDString = 830E57A7255719FA00A230F3;
			remoteInfo = AnonChats;
		};
/* End PBXContainerItemProxy section */

/* Begin PBXFileReference section */
		1A1C81539DB7FCDAB6654C1D /* Pods_AnonChatsTests.framework */ = {isa = PBXFileReference; explicitFileType = wrapper.framework; includeInIndex = 0; path = Pods_AnonChatsTests.framework; sourceTree = BUILT_PRODUCTS_DIR; };
		1B44D0A3DA3A31B0B96E7012 /* Pods-AnonChats.release.xcconfig */ = {isa = PBXFileReference; includeInIndex = 1; lastKnownFileType = text.xcconfig; name = "Pods-AnonChats.release.xcconfig"; path = "Target Support Files/Pods-AnonChats/Pods-AnonChats.release.xcconfig"; sourceTree = "<group>"; };
		3B762E93608ACBF517219DFF /* Pods-AnonChatsTests.release.xcconfig */ = {isa = PBXFileReference; includeInIndex = 1; lastKnownFileType = text.xcconfig; name = "Pods-AnonChatsTests.release.xcconfig"; path = "Target Support Files/Pods-AnonChatsTests/Pods-AnonChatsTests.release.xcconfig"; sourceTree = "<group>"; };
		55C22501660C4A10137F7324 /* Pods-AnonChats-AnonChatsUITests.release.xcconfig */ = {isa = PBXFileReference; includeInIndex = 1; lastKnownFileType = text.xcconfig; name = "Pods-AnonChats-AnonChatsUITests.release.xcconfig"; path = "Target Support Files/Pods-AnonChats-AnonChatsUITests/Pods-AnonChats-AnonChatsUITests.release.xcconfig"; sourceTree = "<group>"; };
		594D4834D32E2FD73165ECDE /* Pods_AnonChats_AnonChatsUITests.framework */ = {isa = PBXFileReference; explicitFileType = wrapper.framework; includeInIndex = 0; path = Pods_AnonChats_AnonChatsUITests.framework; sourceTree = BUILT_PRODUCTS_DIR; };
		631CF3DE3133E74D65AA5450 /* Pods-AnonChats.debug.xcconfig */ = {isa = PBXFileReference; includeInIndex = 1; lastKnownFileType = text.xcconfig; name = "Pods-AnonChats.debug.xcconfig"; path = "Target Support Files/Pods-AnonChats/Pods-AnonChats.debug.xcconfig"; sourceTree = "<group>"; };
		830E57A8255719FA00A230F3 /* AnonChats.app */ = {isa = PBXFileReference; explicitFileType = wrapper.application; includeInIndex = 0; path = AnonChats.app; sourceTree = BUILT_PRODUCTS_DIR; };
		830E57AB255719FA00A230F3 /* AppDelegate.swift */ = {isa = PBXFileReference; lastKnownFileType = sourcecode.swift; path = AppDelegate.swift; sourceTree = "<group>"; };
		830E57AD255719FA00A230F3 /* SceneDelegate.swift */ = {isa = PBXFileReference; lastKnownFileType = sourcecode.swift; path = SceneDelegate.swift; sourceTree = "<group>"; };
		830E57B2255719FA00A230F3 /* Base */ = {isa = PBXFileReference; lastKnownFileType = file.storyboard; name = Base; path = Base.lproj/Main.storyboard; sourceTree = "<group>"; };
		830E57B4255719FE00A230F3 /* Assets.xcassets */ = {isa = PBXFileReference; lastKnownFileType = folder.assetcatalog; path = Assets.xcassets; sourceTree = "<group>"; };
		830E57B7255719FE00A230F3 /* Base */ = {isa = PBXFileReference; lastKnownFileType = file.storyboard; name = Base; path = Base.lproj/LaunchScreen.storyboard; sourceTree = "<group>"; };
		830E57B9255719FE00A230F3 /* Info.plist */ = {isa = PBXFileReference; lastKnownFileType = text.plist.xml; path = Info.plist; sourceTree = "<group>"; };
		830E57BE255719FF00A230F3 /* AnonChatsTests.xctest */ = {isa = PBXFileReference; explicitFileType = wrapper.cfbundle; includeInIndex = 0; path = AnonChatsTests.xctest; sourceTree = BUILT_PRODUCTS_DIR; };
		830E57C2255719FF00A230F3 /* AnonChatsTests.swift */ = {isa = PBXFileReference; lastKnownFileType = sourcecode.swift; path = AnonChatsTests.swift; sourceTree = "<group>"; };
		830E57C4255719FF00A230F3 /* Info.plist */ = {isa = PBXFileReference; lastKnownFileType = text.plist.xml; path = Info.plist; sourceTree = "<group>"; };
		830E57C9255719FF00A230F3 /* AnonChatsUITests.xctest */ = {isa = PBXFileReference; explicitFileType = wrapper.cfbundle; includeInIndex = 0; path = AnonChatsUITests.xctest; sourceTree = BUILT_PRODUCTS_DIR; };
		830E57CD255719FF00A230F3 /* AnonChatsUITests.swift */ = {isa = PBXFileReference; lastKnownFileType = sourcecode.swift; path = AnonChatsUITests.swift; sourceTree = "<group>"; };
		830E57CF255719FF00A230F3 /* Info.plist */ = {isa = PBXFileReference; lastKnownFileType = text.plist.xml; path = Info.plist; sourceTree = "<group>"; };
		830E57F025571F6000A230F3 /* LoginViewController.swift */ = {isa = PBXFileReference; lastKnownFileType = sourcecode.swift; path = LoginViewController.swift; sourceTree = "<group>"; };
		903ABB8A52540B3DD1E5BF90 /* Pods_AnonChats.framework */ = {isa = PBXFileReference; explicitFileType = wrapper.framework; includeInIndex = 0; path = Pods_AnonChats.framework; sourceTree = BUILT_PRODUCTS_DIR; };
		B4C2B127631CC143737B81C5 /* Pods-AnonChatsTests.debug.xcconfig */ = {isa = PBXFileReference; includeInIndex = 1; lastKnownFileType = text.xcconfig; name = "Pods-AnonChatsTests.debug.xcconfig"; path = "Target Support Files/Pods-AnonChatsTests/Pods-AnonChatsTests.debug.xcconfig"; sourceTree = "<group>"; };
		D45564C24B708880868B52C0 /* Pods-AnonChats-AnonChatsUITests.debug.xcconfig */ = {isa = PBXFileReference; includeInIndex = 1; lastKnownFileType = text.xcconfig; name = "Pods-AnonChats-AnonChatsUITests.debug.xcconfig"; path = "Target Support Files/Pods-AnonChats-AnonChatsUITests/Pods-AnonChats-AnonChatsUITests.debug.xcconfig"; sourceTree = "<group>"; };
/* End PBXFileReference section */

/* Begin PBXFrameworksBuildPhase section */
		830E57A5255719FA00A230F3 /* Frameworks */ = {
			isa = PBXFrameworksBuildPhase;
			buildActionMask = 2147483647;
			files = (
				99C583D02D88F8059E4ED481 /* Pods_AnonChats.framework in Frameworks */,
			);
			runOnlyForDeploymentPostprocessing = 0;
		};
		830E57BB255719FF00A230F3 /* Frameworks */ = {
			isa = PBXFrameworksBuildPhase;
			buildActionMask = 2147483647;
			files = (
				AE681E7CCB42C36285163D53 /* Pods_AnonChatsTests.framework in Frameworks */,
			);
			runOnlyForDeploymentPostprocessing = 0;
		};
		830E57C6255719FF00A230F3 /* Frameworks */ = {
			isa = PBXFrameworksBuildPhase;
			buildActionMask = 2147483647;
			files = (
				2DFAF73424B1E21BC99857A8 /* Pods_AnonChats_AnonChatsUITests.framework in Frameworks */,
			);
			runOnlyForDeploymentPostprocessing = 0;
		};
/* End PBXFrameworksBuildPhase section */

/* Begin PBXGroup section */
		264B3B1AFC842851685AB275 /* Frameworks */ = {
			isa = PBXGroup;
			children = (
				903ABB8A52540B3DD1E5BF90 /* Pods_AnonChats.framework */,
				594D4834D32E2FD73165ECDE /* Pods_AnonChats_AnonChatsUITests.framework */,
				1A1C81539DB7FCDAB6654C1D /* Pods_AnonChatsTests.framework */,
			);
			name = Frameworks;
			sourceTree = "<group>";
		};
		830E579F255719FA00A230F3 = {
			isa = PBXGroup;
			children = (
				830E57AA255719FA00A230F3 /* AnonChats */,
				830E57C1255719FF00A230F3 /* AnonChatsTests */,
				830E57CC255719FF00A230F3 /* AnonChatsUITests */,
				830E57A9255719FA00A230F3 /* Products */,
				DF8B9E99FCFE89B6DCE8774C /* Pods */,
				264B3B1AFC842851685AB275 /* Frameworks */,
			);
			sourceTree = "<group>";
		};
		830E57A9255719FA00A230F3 /* Products */ = {
			isa = PBXGroup;
			children = (
				830E57A8255719FA00A230F3 /* AnonChats.app */,
				830E57BE255719FF00A230F3 /* AnonChatsTests.xctest */,
				830E57C9255719FF00A230F3 /* AnonChatsUITests.xctest */,
			);
			name = Products;
			sourceTree = "<group>";
		};
		830E57AA255719FA00A230F3 /* AnonChats */ = {
			isa = PBXGroup;
			children = (
				830E57EF25571F5000A230F3 /* Models */,
				830E57EE25571F4A00A230F3 /* Views */,
				830E57ED25571F4000A230F3 /* View Controllers */,
				830E57AB255719FA00A230F3 /* AppDelegate.swift */,
				830E57AD255719FA00A230F3 /* SceneDelegate.swift */,
				830E57B1255719FA00A230F3 /* Main.storyboard */,
				830E57B4255719FE00A230F3 /* Assets.xcassets */,
				830E57B6255719FE00A230F3 /* LaunchScreen.storyboard */,
				830E57B9255719FE00A230F3 /* Info.plist */,
			);
			path = AnonChats;
			sourceTree = "<group>";
		};
		830E57C1255719FF00A230F3 /* AnonChatsTests */ = {
			isa = PBXGroup;
			children = (
				830E57C2255719FF00A230F3 /* AnonChatsTests.swift */,
				830E57C4255719FF00A230F3 /* Info.plist */,
			);
			path = AnonChatsTests;
			sourceTree = "<group>";
		};
		830E57CC255719FF00A230F3 /* AnonChatsUITests */ = {
			isa = PBXGroup;
			children = (
				830E57CD255719FF00A230F3 /* AnonChatsUITests.swift */,
				830E57CF255719FF00A230F3 /* Info.plist */,
			);
			path = AnonChatsUITests;
			sourceTree = "<group>";
		};
		830E57ED25571F4000A230F3 /* View Controllers */ = {
			isa = PBXGroup;
			children = (
				830E57F025571F6000A230F3 /* LoginViewController.swift */,
			);
			path = "View Controllers";
			sourceTree = "<group>";
		};
		830E57EE25571F4A00A230F3 /* Views */ = {
			isa = PBXGroup;
			children = (
			);
			path = Views;
			sourceTree = "<group>";
		};
		830E57EF25571F5000A230F3 /* Models */ = {
			isa = PBXGroup;
			children = (
			);
			path = Models;
			sourceTree = "<group>";
		};
		DF8B9E99FCFE89B6DCE8774C /* Pods */ = {
			isa = PBXGroup;
			children = (
				631CF3DE3133E74D65AA5450 /* Pods-AnonChats.debug.xcconfig */,
				1B44D0A3DA3A31B0B96E7012 /* Pods-AnonChats.release.xcconfig */,
				D45564C24B708880868B52C0 /* Pods-AnonChats-AnonChatsUITests.debug.xcconfig */,
				55C22501660C4A10137F7324 /* Pods-AnonChats-AnonChatsUITests.release.xcconfig */,
				B4C2B127631CC143737B81C5 /* Pods-AnonChatsTests.debug.xcconfig */,
				3B762E93608ACBF517219DFF /* Pods-AnonChatsTests.release.xcconfig */,
			);
			path = Pods;
			sourceTree = "<group>";
		};
/* End PBXGroup section */

/* Begin PBXNativeTarget section */
		830E57A7255719FA00A230F3 /* AnonChats */ = {
			isa = PBXNativeTarget;
			buildConfigurationList = 830E57D2255719FF00A230F3 /* Build configuration list for PBXNativeTarget "AnonChats" */;
			buildPhases = (
				B9781D339A8919FA39E2EEF9 /* [CP] Check Pods Manifest.lock */,
				830E57A4255719FA00A230F3 /* Sources */,
				830E57A5255719FA00A230F3 /* Frameworks */,
				830E57A6255719FA00A230F3 /* Resources */,
				A96936B7D6D803468F19C0E6 /* [CP] Embed Pods Frameworks */,
			);
			buildRules = (
			);
			dependencies = (
			);
			name = AnonChats;
			productName = AnonChats;
			productReference = 830E57A8255719FA00A230F3 /* AnonChats.app */;
			productType = "com.apple.product-type.application";
		};
		830E57BD255719FF00A230F3 /* AnonChatsTests */ = {
			isa = PBXNativeTarget;
			buildConfigurationList = 830E57D5255719FF00A230F3 /* Build configuration list for PBXNativeTarget "AnonChatsTests" */;
			buildPhases = (
				6E97330365D675AEB9E7AA65 /* [CP] Check Pods Manifest.lock */,
				830E57BA255719FF00A230F3 /* Sources */,
				830E57BB255719FF00A230F3 /* Frameworks */,
				830E57BC255719FF00A230F3 /* Resources */,
			);
			buildRules = (
			);
			dependencies = (
				830E57C0255719FF00A230F3 /* PBXTargetDependency */,
			);
			name = AnonChatsTests;
			productName = AnonChatsTests;
			productReference = 830E57BE255719FF00A230F3 /* AnonChatsTests.xctest */;
			productType = "com.apple.product-type.bundle.unit-test";
		};
		830E57C8255719FF00A230F3 /* AnonChatsUITests */ = {
			isa = PBXNativeTarget;
			buildConfigurationList = 830E57D8255719FF00A230F3 /* Build configuration list for PBXNativeTarget "AnonChatsUITests" */;
			buildPhases = (
				F9BAB2ACBC1C69A6F3BA2917 /* [CP] Check Pods Manifest.lock */,
				830E57C5255719FF00A230F3 /* Sources */,
				830E57C6255719FF00A230F3 /* Frameworks */,
				830E57C7255719FF00A230F3 /* Resources */,
				38DD893F6644D60C6B4E5FE1 /* [CP] Embed Pods Frameworks */,
			);
			buildRules = (
			);
			dependencies = (
				830E57CB255719FF00A230F3 /* PBXTargetDependency */,
			);
			name = AnonChatsUITests;
			productName = AnonChatsUITests;
			productReference = 830E57C9255719FF00A230F3 /* AnonChatsUITests.xctest */;
			productType = "com.apple.product-type.bundle.ui-testing";
		};
/* End PBXNativeTarget section */

/* Begin PBXProject section */
		830E57A0255719FA00A230F3 /* Project object */ = {
			isa = PBXProject;
			attributes = {
				LastSwiftUpdateCheck = 1200;
				LastUpgradeCheck = 1200;
				TargetAttributes = {
					830E57A7255719FA00A230F3 = {
						CreatedOnToolsVersion = 12.0;
					};
					830E57BD255719FF00A230F3 = {
						CreatedOnToolsVersion = 12.0;
						TestTargetID = 830E57A7255719FA00A230F3;
					};
					830E57C8255719FF00A230F3 = {
						CreatedOnToolsVersion = 12.0;
						TestTargetID = 830E57A7255719FA00A230F3;
					};
				};
			};
			buildConfigurationList = 830E57A3255719FA00A230F3 /* Build configuration list for PBXProject "AnonChats" */;
			compatibilityVersion = "Xcode 9.3";
			developmentRegion = en;
			hasScannedForEncodings = 0;
			knownRegions = (
				en,
				Base,
			);
			mainGroup = 830E579F255719FA00A230F3;
			productRefGroup = 830E57A9255719FA00A230F3 /* Products */;
			projectDirPath = "";
			projectRoot = "";
			targets = (
				830E57A7255719FA00A230F3 /* AnonChats */,
				830E57BD255719FF00A230F3 /* AnonChatsTests */,
				830E57C8255719FF00A230F3 /* AnonChatsUITests */,
			);
		};
/* End PBXProject section */

/* Begin PBXResourcesBuildPhase section */
		830E57A6255719FA00A230F3 /* Resources */ = {
			isa = PBXResourcesBuildPhase;
			buildActionMask = 2147483647;
			files = (
				830E57B8255719FE00A230F3 /* LaunchScreen.storyboard in Resources */,
				830E57B5255719FE00A230F3 /* Assets.xcassets in Resources */,
				830E57B3255719FA00A230F3 /* Main.storyboard in Resources */,
			);
			runOnlyForDeploymentPostprocessing = 0;
		};
		830E57BC255719FF00A230F3 /* Resources */ = {
			isa = PBXResourcesBuildPhase;
			buildActionMask = 2147483647;
			files = (
			);
			runOnlyForDeploymentPostprocessing = 0;
		};
		830E57C7255719FF00A230F3 /* Resources */ = {
			isa = PBXResourcesBuildPhase;
			buildActionMask = 2147483647;
			files = (
			);
			runOnlyForDeploymentPostprocessing = 0;
		};
/* End PBXResourcesBuildPhase section */

/* Begin PBXShellScriptBuildPhase section */
		38DD893F6644D60C6B4E5FE1 /* [CP] Embed Pods Frameworks */ = {
			isa = PBXShellScriptBuildPhase;
			buildActionMask = 2147483647;
			files = (
			);
			inputFileListPaths = (
				"${PODS_ROOT}/Target Support Files/Pods-AnonChats-AnonChatsUITests/Pods-AnonChats-AnonChatsUITests-frameworks-${CONFIGURATION}-input-files.xcfilelist",
			);
			name = "[CP] Embed Pods Frameworks";
			outputFileListPaths = (
				"${PODS_ROOT}/Target Support Files/Pods-AnonChats-AnonChatsUITests/Pods-AnonChats-AnonChatsUITests-frameworks-${CONFIGURATION}-output-files.xcfilelist",
			);
			runOnlyForDeploymentPostprocessing = 0;
			shellPath = /bin/sh;
			shellScript = "\"${PODS_ROOT}/Target Support Files/Pods-AnonChats-AnonChatsUITests/Pods-AnonChats-AnonChatsUITests-frameworks.sh\"\n";
			showEnvVarsInLog = 0;
		};
		6E97330365D675AEB9E7AA65 /* [CP] Check Pods Manifest.lock */ = {
			isa = PBXShellScriptBuildPhase;
			buildActionMask = 2147483647;
			files = (
			);
			inputFileListPaths = (
			);
			inputPaths = (
				"${PODS_PODFILE_DIR_PATH}/Podfile.lock",
				"${PODS_ROOT}/Manifest.lock",
			);
			name = "[CP] Check Pods Manifest.lock";
			outputFileListPaths = (
			);
			outputPaths = (
				"$(DERIVED_FILE_DIR)/Pods-AnonChatsTests-checkManifestLockResult.txt",
			);
			runOnlyForDeploymentPostprocessing = 0;
			shellPath = /bin/sh;
			shellScript = "diff \"${PODS_PODFILE_DIR_PATH}/Podfile.lock\" \"${PODS_ROOT}/Manifest.lock\" > /dev/null\nif [ $? != 0 ] ; then\n    # print error to STDERR\n    echo \"error: The sandbox is not in sync with the Podfile.lock. Run 'pod install' or update your CocoaPods installation.\" >&2\n    exit 1\nfi\n# This output is used by Xcode 'outputs' to avoid re-running this script phase.\necho \"SUCCESS\" > \"${SCRIPT_OUTPUT_FILE_0}\"\n";
			showEnvVarsInLog = 0;
		};
		A96936B7D6D803468F19C0E6 /* [CP] Embed Pods Frameworks */ = {
			isa = PBXShellScriptBuildPhase;
			buildActionMask = 2147483647;
			files = (
			);
			inputFileListPaths = (
				"${PODS_ROOT}/Target Support Files/Pods-AnonChats/Pods-AnonChats-frameworks-${CONFIGURATION}-input-files.xcfilelist",
			);
			name = "[CP] Embed Pods Frameworks";
			outputFileListPaths = (
				"${PODS_ROOT}/Target Support Files/Pods-AnonChats/Pods-AnonChats-frameworks-${CONFIGURATION}-output-files.xcfilelist",
			);
			runOnlyForDeploymentPostprocessing = 0;
			shellPath = /bin/sh;
			shellScript = "\"${PODS_ROOT}/Target Support Files/Pods-AnonChats/Pods-AnonChats-frameworks.sh\"\n";
			showEnvVarsInLog = 0;
		};
		B9781D339A8919FA39E2EEF9 /* [CP] Check Pods Manifest.lock */ = {
			isa = PBXShellScriptBuildPhase;
			buildActionMask = 2147483647;
			files = (
			);
			inputFileListPaths = (
			);
			inputPaths = (
				"${PODS_PODFILE_DIR_PATH}/Podfile.lock",
				"${PODS_ROOT}/Manifest.lock",
			);
			name = "[CP] Check Pods Manifest.lock";
			outputFileListPaths = (
			);
			outputPaths = (
				"$(DERIVED_FILE_DIR)/Pods-AnonChats-checkManifestLockResult.txt",
			);
			runOnlyForDeploymentPostprocessing = 0;
			shellPath = /bin/sh;
			shellScript = "diff \"${PODS_PODFILE_DIR_PATH}/Podfile.lock\" \"${PODS_ROOT}/Manifest.lock\" > /dev/null\nif [ $? != 0 ] ; then\n    # print error to STDERR\n    echo \"error: The sandbox is not in sync with the Podfile.lock. Run 'pod install' or update your CocoaPods installation.\" >&2\n    exit 1\nfi\n# This output is used by Xcode 'outputs' to avoid re-running this script phase.\necho \"SUCCESS\" > \"${SCRIPT_OUTPUT_FILE_0}\"\n";
			showEnvVarsInLog = 0;
		};
		F9BAB2ACBC1C69A6F3BA2917 /* [CP] Check Pods Manifest.lock */ = {
			isa = PBXShellScriptBuildPhase;
			buildActionMask = 2147483647;
			files = (
			);
			inputFileListPaths = (
			);
			inputPaths = (
				"${PODS_PODFILE_DIR_PATH}/Podfile.lock",
				"${PODS_ROOT}/Manifest.lock",
			);
			name = "[CP] Check Pods Manifest.lock";
			outputFileListPaths = (
			);
			outputPaths = (
				"$(DERIVED_FILE_DIR)/Pods-AnonChats-AnonChatsUITests-checkManifestLockResult.txt",
			);
			runOnlyForDeploymentPostprocessing = 0;
			shellPath = /bin/sh;
			shellScript = "diff \"${PODS_PODFILE_DIR_PATH}/Podfile.lock\" \"${PODS_ROOT}/Manifest.lock\" > /dev/null\nif [ $? != 0 ] ; then\n    # print error to STDERR\n    echo \"error: The sandbox is not in sync with the Podfile.lock. Run 'pod install' or update your CocoaPods installation.\" >&2\n    exit 1\nfi\n# This output is used by Xcode 'outputs' to avoid re-running this script phase.\necho \"SUCCESS\" > \"${SCRIPT_OUTPUT_FILE_0}\"\n";
			showEnvVarsInLog = 0;
		};
/* End PBXShellScriptBuildPhase section */

/* Begin PBXSourcesBuildPhase section */
		830E57A4255719FA00A230F3 /* Sources */ = {
			isa = PBXSourcesBuildPhase;
			buildActionMask = 2147483647;
			files = (
				830E57F125571F6000A230F3 /* LoginViewController.swift in Sources */,
				830E57AC255719FA00A230F3 /* AppDelegate.swift in Sources */,
				830E57AE255719FA00A230F3 /* SceneDelegate.swift in Sources */,
			);
			runOnlyForDeploymentPostprocessing = 0;
		};
		830E57BA255719FF00A230F3 /* Sources */ = {
			isa = PBXSourcesBuildPhase;
			buildActionMask = 2147483647;
			files = (
				830E57C3255719FF00A230F3 /* AnonChatsTests.swift in Sources */,
			);
			runOnlyForDeploymentPostprocessing = 0;
		};
		830E57C5255719FF00A230F3 /* Sources */ = {
			isa = PBXSourcesBuildPhase;
			buildActionMask = 2147483647;
			files = (
				830E57CE255719FF00A230F3 /* AnonChatsUITests.swift in Sources */,
			);
			runOnlyForDeploymentPostprocessing = 0;
		};
/* End PBXSourcesBuildPhase section */

/* Begin PBXTargetDependency section */
		830E57C0255719FF00A230F3 /* PBXTargetDependency */ = {
			isa = PBXTargetDependency;
			target = 830E57A7255719FA00A230F3 /* AnonChats */;
			targetProxy = 830E57BF255719FF00A230F3 /* PBXContainerItemProxy */;
		};
		830E57CB255719FF00A230F3 /* PBXTargetDependency */ = {
			isa = PBXTargetDependency;
			target = 830E57A7255719FA00A230F3 /* AnonChats */;
			targetProxy = 830E57CA255719FF00A230F3 /* PBXContainerItemProxy */;
		};
/* End PBXTargetDependency section */

/* Begin PBXVariantGroup section */
		830E57B1255719FA00A230F3 /* Main.storyboard */ = {
			isa = PBXVariantGroup;
			children = (
				830E57B2255719FA00A230F3 /* Base */,
			);
			name = Main.storyboard;
			sourceTree = "<group>";
		};
		830E57B6255719FE00A230F3 /* LaunchScreen.storyboard */ = {
			isa = PBXVariantGroup;
			children = (
				830E57B7255719FE00A230F3 /* Base */,
			);
			name = LaunchScreen.storyboard;
			sourceTree = "<group>";
		};
/* End PBXVariantGroup section */

/* Begin XCBuildConfiguration section */
		830E57D0255719FF00A230F3 /* Debug */ = {
			isa = XCBuildConfiguration;
			buildSettings = {
				ALWAYS_SEARCH_USER_PATHS = NO;
				CLANG_ANALYZER_NONNULL = YES;
				CLANG_ANALYZER_NUMBER_OBJECT_CONVERSION = YES_AGGRESSIVE;
				CLANG_CXX_LANGUAGE_STANDARD = "gnu++14";
				CLANG_CXX_LIBRARY = "libc++";
				CLANG_ENABLE_MODULES = YES;
				CLANG_ENABLE_OBJC_ARC = YES;
				CLANG_ENABLE_OBJC_WEAK = YES;
				CLANG_WARN_BLOCK_CAPTURE_AUTORELEASING = YES;
				CLANG_WARN_BOOL_CONVERSION = YES;
				CLANG_WARN_COMMA = YES;
				CLANG_WARN_CONSTANT_CONVERSION = YES;
				CLANG_WARN_DEPRECATED_OBJC_IMPLEMENTATIONS = YES;
				CLANG_WARN_DIRECT_OBJC_ISA_USAGE = YES_ERROR;
				CLANG_WARN_DOCUMENTATION_COMMENTS = YES;
				CLANG_WARN_EMPTY_BODY = YES;
				CLANG_WARN_ENUM_CONVERSION = YES;
				CLANG_WARN_INFINITE_RECURSION = YES;
				CLANG_WARN_INT_CONVERSION = YES;
				CLANG_WARN_NON_LITERAL_NULL_CONVERSION = YES;
				CLANG_WARN_OBJC_IMPLICIT_RETAIN_SELF = YES;
				CLANG_WARN_OBJC_LITERAL_CONVERSION = YES;
				CLANG_WARN_OBJC_ROOT_CLASS = YES_ERROR;
				CLANG_WARN_QUOTED_INCLUDE_IN_FRAMEWORK_HEADER = YES;
				CLANG_WARN_RANGE_LOOP_ANALYSIS = YES;
				CLANG_WARN_STRICT_PROTOTYPES = YES;
				CLANG_WARN_SUSPICIOUS_MOVE = YES;
				CLANG_WARN_UNGUARDED_AVAILABILITY = YES_AGGRESSIVE;
				CLANG_WARN_UNREACHABLE_CODE = YES;
				CLANG_WARN__DUPLICATE_METHOD_MATCH = YES;
				COPY_PHASE_STRIP = NO;
				DEBUG_INFORMATION_FORMAT = dwarf;
				ENABLE_STRICT_OBJC_MSGSEND = YES;
				ENABLE_TESTABILITY = YES;
				GCC_C_LANGUAGE_STANDARD = gnu11;
				GCC_DYNAMIC_NO_PIC = NO;
				GCC_NO_COMMON_BLOCKS = YES;
				GCC_OPTIMIZATION_LEVEL = 0;
				GCC_PREPROCESSOR_DEFINITIONS = (
					"DEBUG=1",
					"$(inherited)",
				);
				GCC_WARN_64_TO_32_BIT_CONVERSION = YES;
				GCC_WARN_ABOUT_RETURN_TYPE = YES_ERROR;
				GCC_WARN_UNDECLARED_SELECTOR = YES;
				GCC_WARN_UNINITIALIZED_AUTOS = YES_AGGRESSIVE;
				GCC_WARN_UNUSED_FUNCTION = YES;
				GCC_WARN_UNUSED_VARIABLE = YES;
				IPHONEOS_DEPLOYMENT_TARGET = 14.0;
				MTL_ENABLE_DEBUG_INFO = INCLUDE_SOURCE;
				MTL_FAST_MATH = YES;
				ONLY_ACTIVE_ARCH = YES;
				SDKROOT = iphoneos;
				SWIFT_ACTIVE_COMPILATION_CONDITIONS = DEBUG;
				SWIFT_OPTIMIZATION_LEVEL = "-Onone";
			};
			name = Debug;
		};
		830E57D1255719FF00A230F3 /* Release */ = {
			isa = XCBuildConfiguration;
			buildSettings = {
				ALWAYS_SEARCH_USER_PATHS = NO;
				CLANG_ANALYZER_NONNULL = YES;
				CLANG_ANALYZER_NUMBER_OBJECT_CONVERSION = YES_AGGRESSIVE;
				CLANG_CXX_LANGUAGE_STANDARD = "gnu++14";
				CLANG_CXX_LIBRARY = "libc++";
				CLANG_ENABLE_MODULES = YES;
				CLANG_ENABLE_OBJC_ARC = YES;
				CLANG_ENABLE_OBJC_WEAK = YES;
				CLANG_WARN_BLOCK_CAPTURE_AUTORELEASING = YES;
				CLANG_WARN_BOOL_CONVERSION = YES;
				CLANG_WARN_COMMA = YES;
				CLANG_WARN_CONSTANT_CONVERSION = YES;
				CLANG_WARN_DEPRECATED_OBJC_IMPLEMENTATIONS = YES;
				CLANG_WARN_DIRECT_OBJC_ISA_USAGE = YES_ERROR;
				CLANG_WARN_DOCUMENTATION_COMMENTS = YES;
				CLANG_WARN_EMPTY_BODY = YES;
				CLANG_WARN_ENUM_CONVERSION = YES;
				CLANG_WARN_INFINITE_RECURSION = YES;
				CLANG_WARN_INT_CONVERSION = YES;
				CLANG_WARN_NON_LITERAL_NULL_CONVERSION = YES;
				CLANG_WARN_OBJC_IMPLICIT_RETAIN_SELF = YES;
				CLANG_WARN_OBJC_LITERAL_CONVERSION = YES;
				CLANG_WARN_OBJC_ROOT_CLASS = YES_ERROR;
				CLANG_WARN_QUOTED_INCLUDE_IN_FRAMEWORK_HEADER = YES;
				CLANG_WARN_RANGE_LOOP_ANALYSIS = YES;
				CLANG_WARN_STRICT_PROTOTYPES = YES;
				CLANG_WARN_SUSPICIOUS_MOVE = YES;
				CLANG_WARN_UNGUARDED_AVAILABILITY = YES_AGGRESSIVE;
				CLANG_WARN_UNREACHABLE_CODE = YES;
				CLANG_WARN__DUPLICATE_METHOD_MATCH = YES;
				COPY_PHASE_STRIP = NO;
				DEBUG_INFORMATION_FORMAT = "dwarf-with-dsym";
				ENABLE_NS_ASSERTIONS = NO;
				ENABLE_STRICT_OBJC_MSGSEND = YES;
				GCC_C_LANGUAGE_STANDARD = gnu11;
				GCC_NO_COMMON_BLOCKS = YES;
				GCC_WARN_64_TO_32_BIT_CONVERSION = YES;
				GCC_WARN_ABOUT_RETURN_TYPE = YES_ERROR;
				GCC_WARN_UNDECLARED_SELECTOR = YES;
				GCC_WARN_UNINITIALIZED_AUTOS = YES_AGGRESSIVE;
				GCC_WARN_UNUSED_FUNCTION = YES;
				GCC_WARN_UNUSED_VARIABLE = YES;
				IPHONEOS_DEPLOYMENT_TARGET = 14.0;
				MTL_ENABLE_DEBUG_INFO = NO;
				MTL_FAST_MATH = YES;
				SDKROOT = iphoneos;
				SWIFT_COMPILATION_MODE = wholemodule;
				SWIFT_OPTIMIZATION_LEVEL = "-O";
				VALIDATE_PRODUCT = YES;
			};
			name = Release;
		};
		830E57D3255719FF00A230F3 /* Debug */ = {
			isa = XCBuildConfiguration;
			baseConfigurationReference = 631CF3DE3133E74D65AA5450 /* Pods-AnonChats.debug.xcconfig */;
			buildSettings = {
				ASSETCATALOG_COMPILER_APPICON_NAME = AppIcon;
				ASSETCATALOG_COMPILER_GLOBAL_ACCENT_COLOR_NAME = AccentColor;
				CODE_SIGN_STYLE = Automatic;
				DEVELOPMENT_TEAM = 7DF23RMRWS;
				INFOPLIST_FILE = AnonChats/Info.plist;
				LD_RUNPATH_SEARCH_PATHS = (
					"$(inherited)",
					"@executable_path/Frameworks",
				);
				PRODUCT_BUNDLE_IDENTIFIER = realteach.AnonChats;
				PRODUCT_NAME = "$(TARGET_NAME)";
				SWIFT_VERSION = 5.0;
				TARGETED_DEVICE_FAMILY = "1,2";
			};
			name = Debug;
		};
		830E57D4255719FF00A230F3 /* Release */ = {
			isa = XCBuildConfiguration;
			baseConfigurationReference = 1B44D0A3DA3A31B0B96E7012 /* Pods-AnonChats.release.xcconfig */;
			buildSettings = {
				ASSETCATALOG_COMPILER_APPICON_NAME = AppIcon;
				ASSETCATALOG_COMPILER_GLOBAL_ACCENT_COLOR_NAME = AccentColor;
				CODE_SIGN_STYLE = Automatic;
				DEVELOPMENT_TEAM = 7DF23RMRWS;
				INFOPLIST_FILE = AnonChats/Info.plist;
				LD_RUNPATH_SEARCH_PATHS = (
					"$(inherited)",
					"@executable_path/Frameworks",
				);
				PRODUCT_BUNDLE_IDENTIFIER = realteach.AnonChats;
				PRODUCT_NAME = "$(TARGET_NAME)";
				SWIFT_VERSION = 5.0;
				TARGETED_DEVICE_FAMILY = "1,2";
			};
			name = Release;
		};
		830E57D6255719FF00A230F3 /* Debug */ = {
			isa = XCBuildConfiguration;
			baseConfigurationReference = B4C2B127631CC143737B81C5 /* Pods-AnonChatsTests.debug.xcconfig */;
			buildSettings = {
				ALWAYS_EMBED_SWIFT_STANDARD_LIBRARIES = YES;
				BUNDLE_LOADER = "$(TEST_HOST)";
				CODE_SIGN_STYLE = Automatic;
				DEVELOPMENT_TEAM = 7DF23RMRWS;
				INFOPLIST_FILE = AnonChatsTests/Info.plist;
				IPHONEOS_DEPLOYMENT_TARGET = 14.0;
				LD_RUNPATH_SEARCH_PATHS = (
					"$(inherited)",
					"@executable_path/Frameworks",
					"@loader_path/Frameworks",
				);
				PRODUCT_BUNDLE_IDENTIFIER = realteach.AnonChatsTests;
				PRODUCT_NAME = "$(TARGET_NAME)";
				SWIFT_VERSION = 5.0;
				TARGETED_DEVICE_FAMILY = "1,2";
				TEST_HOST = "$(BUILT_PRODUCTS_DIR)/AnonChats.app/AnonChats";
			};
			name = Debug;
		};
		830E57D7255719FF00A230F3 /* Release */ = {
			isa = XCBuildConfiguration;
			baseConfigurationReference = 3B762E93608ACBF517219DFF /* Pods-AnonChatsTests.release.xcconfig */;
			buildSettings = {
				ALWAYS_EMBED_SWIFT_STANDARD_LIBRARIES = YES;
				BUNDLE_LOADER = "$(TEST_HOST)";
				CODE_SIGN_STYLE = Automatic;
				DEVELOPMENT_TEAM = 7DF23RMRWS;
				INFOPLIST_FILE = AnonChatsTests/Info.plist;
				IPHONEOS_DEPLOYMENT_TARGET = 14.0;
				LD_RUNPATH_SEARCH_PATHS = (
					"$(inherited)",
					"@executable_path/Frameworks",
					"@loader_path/Frameworks",
				);
				PRODUCT_BUNDLE_IDENTIFIER = realteach.AnonChatsTests;
				PRODUCT_NAME = "$(TARGET_NAME)";
				SWIFT_VERSION = 5.0;
				TARGETED_DEVICE_FAMILY = "1,2";
				TEST_HOST = "$(BUILT_PRODUCTS_DIR)/AnonChats.app/AnonChats";
			};
			name = Release;
		};
		830E57D9255719FF00A230F3 /* Debug */ = {
			isa = XCBuildConfiguration;
			baseConfigurationReference = D45564C24B708880868B52C0 /* Pods-AnonChats-AnonChatsUITests.debug.xcconfig */;
			buildSettings = {
				ALWAYS_EMBED_SWIFT_STANDARD_LIBRARIES = YES;
				CODE_SIGN_STYLE = Automatic;
				DEVELOPMENT_TEAM = 7DF23RMRWS;
				INFOPLIST_FILE = AnonChatsUITests/Info.plist;
				LD_RUNPATH_SEARCH_PATHS = (
					"$(inherited)",
					"@executable_path/Frameworks",
					"@loader_path/Frameworks",
				);
				PRODUCT_BUNDLE_IDENTIFIER = realteach.AnonChatsUITests;
				PRODUCT_NAME = "$(TARGET_NAME)";
				SWIFT_VERSION = 5.0;
				TARGETED_DEVICE_FAMILY = "1,2";
				TEST_TARGET_NAME = AnonChats;
			};
			name = Debug;
		};
		830E57DA255719FF00A230F3 /* Release */ = {
			isa = XCBuildConfiguration;
			baseConfigurationReference = 55C22501660C4A10137F7324 /* Pods-AnonChats-AnonChatsUITests.release.xcconfig */;
			buildSettings = {
				ALWAYS_EMBED_SWIFT_STANDARD_LIBRARIES = YES;
				CODE_SIGN_STYLE = Automatic;
				DEVELOPMENT_TEAM = 7DF23RMRWS;
				INFOPLIST_FILE = AnonChatsUITests/Info.plist;
				LD_RUNPATH_SEARCH_PATHS = (
					"$(inherited)",
					"@executable_path/Frameworks",
					"@loader_path/Frameworks",
				);
				PRODUCT_BUNDLE_IDENTIFIER = realteach.AnonChatsUITests;
				PRODUCT_NAME = "$(TARGET_NAME)";
				SWIFT_VERSION = 5.0;
				TARGETED_DEVICE_FAMILY = "1,2";
				TEST_TARGET_NAME = AnonChats;
			};
			name = Release;
		};
/* End XCBuildConfiguration section */

/* Begin XCConfigurationList section */
		830E57A3255719FA00A230F3 /* Build configuration list for PBXProject "AnonChats" */ = {
			isa = XCConfigurationList;
			buildConfigurations = (
				830E57D0255719FF00A230F3 /* Debug */,
				830E57D1255719FF00A230F3 /* Release */,
			);
			defaultConfigurationIsVisible = 0;
			defaultConfigurationName = Release;
		};
		830E57D2255719FF00A230F3 /* Build configuration list for PBXNativeTarget "AnonChats" */ = {
			isa = XCConfigurationList;
			buildConfigurations = (
				830E57D3255719FF00A230F3 /* Debug */,
				830E57D4255719FF00A230F3 /* Release */,
			);
			defaultConfigurationIsVisible = 0;
			defaultConfigurationName = Release;
		};
		830E57D5255719FF00A230F3 /* Build configuration list for PBXNativeTarget "AnonChatsTests" */ = {
			isa = XCConfigurationList;
			buildConfigurations = (
				830E57D6255719FF00A230F3 /* Debug */,
				830E57D7255719FF00A230F3 /* Release */,
			);
			defaultConfigurationIsVisible = 0;
			defaultConfigurationName = Release;
		};
		830E57D8255719FF00A230F3 /* Build configuration list for PBXNativeTarget "AnonChatsUITests" */ = {
			isa = XCConfigurationList;
			buildConfigurations = (
				830E57D9255719FF00A230F3 /* Debug */,
				830E57DA255719FF00A230F3 /* Release */,
			);
			defaultConfigurationIsVisible = 0;
			defaultConfigurationName = Release;
		};
/* End XCConfigurationList section */
	};
	rootObject = 830E57A0255719FA00A230F3 /* Project object */;
}
